
Microsoft Visual Studio Solution File, Format Version 12.00
# Visual Studio 2013
VisualStudioVersion = 12.0.40629.0
MinimumVisualStudioVersion = 10.0.40219.1
Project("{FAE04EC0-301F-11D3-BF4B-00C04F79EFBC}") = "NCas.Core", "NCas.Core\NCas.Core.csproj", "{02ADD4EA-39A3-4FB1-B7D7-B2EB21D193FC}"
EndProject
Project("{FAE04EC0-301F-11D3-BF4B-00C04F79EFBC}") = "NCas.Client", "NCas.Client\NCas.Client.csproj", "{1B56A9FC-1845-4D3E-BDB7-A424CB308232}"
EndProject
Project("{FAE04EC0-301F-11D3-BF4B-00C04F79EFBC}") = "NCas.ConsoleTest", "NCas.ConsoleTest\NCas.ConsoleTest.csproj", "{5A5BCB91-DFF3-4FCD-91F9-0F9BB0B83F8E}"
EndProject
Project("{FAE04EC0-301F-11D3-BF4B-00C04F79EFBC}") = "NCas.Web", "NCas.Web\NCas.Web.csproj", "{E24C560B-887B-47F4-83E9-F9126A246D24}"
EndProject
Project("{FAE04EC0-301F-11D3-BF4B-00C04F79EFBC}") = "NCas.ProcessorHost", "NCas.ProcessorHost\NCas.ProcessorHost.csproj", "{2AAA2CD2-1673-49E1-9FBE-7898CFDB798C}"
EndProject
Project("{FAE04EC0-301F-11D3-BF4B-00C04F79EFBC}") = "NCas", "NCas\NCas.csproj", "{364998F0-A70E-496E-83B6-663511B6AA78}"
EndProject
Project("{2150E333-8FDC-42A3-9474-1A3956D46DE8}") = "Client", "Client", "{B3C69C8A-EBBD-4DCB-AB2A-C2EE489CD0A9}"
EndProject
Project("{2150E333-8FDC-42A3-9474-1A3956D46DE8}") = "Host", "Host", "{C10111E6-DB01-4E52-B7F2-7A57651F1B49}"
EndProject
Project("{2150E333-8FDC-42A3-9474-1A3956D46DE8}") = "MessageBroker", "MessageBroker", "{ACC41097-BE16-42F9-8EDC-A86FE83B8F71}"
EndProject
Project("{FAE04EC0-301F-11D3-BF4B-00C04F79EFBC}") = "NCas.MessageBroker", "NCas.MessageBroker\NCas.MessageBroker.csproj", "{5EB0FED0-2F4C-41C5-A0C2-53DF83D5ECB2}"
EndProject
Project("{FAE04EC0-301F-11D3-BF4B-00C04F79EFBC}") = "NCas.Common", "NCas.Common\NCas.Common.csproj", "{EF24F157-438B-4303-A659-E9C675CD5A83}"
EndProject
Project("{FAE04EC0-301F-11D3-BF4B-00C04F79EFBC}") = "NCas.TestWeb", "NCas.TestWeb\NCas.TestWeb.csproj", "{FBFEE175-E380-4153-B7F7-F4028718BB86}"
EndProject
Global
	GlobalSection(SolutionConfigurationPlatforms) = preSolution
		Debug|Any CPU = Debug|Any CPU
		Release|Any CPU = Release|Any CPU
	EndGlobalSection
	GlobalSection(ProjectConfigurationPlatforms) = postSolution
		{02ADD4EA-39A3-4FB1-B7D7-B2EB21D193FC}.Debug|Any CPU.ActiveCfg = Debug|Any CPU
		{02ADD4EA-39A3-4FB1-B7D7-B2EB21D193FC}.Debug|Any CPU.Build.0 = Debug|Any CPU
		{02ADD4EA-39A3-4FB1-B7D7-B2EB21D193FC}.Release|Any CPU.ActiveCfg = Release|Any CPU
		{02ADD4EA-39A3-4FB1-B7D7-B2EB21D193FC}.Release|Any CPU.Build.0 = Release|Any CPU
		{1B56A9FC-1845-4D3E-BDB7-A424CB308232}.Debug|Any CPU.ActiveCfg = Debug|Any CPU
		{1B56A9FC-1845-4D3E-BDB7-A424CB308232}.Debug|Any CPU.Build.0 = Debug|Any CPU
		{1B56A9FC-1845-4D3E-BDB7-A424CB308232}.Release|Any CPU.ActiveCfg = Release|Any CPU
		{1B56A9FC-1845-4D3E-BDB7-A424CB308232}.Release|Any CPU.Build.0 = Release|Any CPU
		{5A5BCB91-DFF3-4FCD-91F9-0F9BB0B83F8E}.Debug|Any CPU.ActiveCfg = Debug|Any CPU
		{5A5BCB91-DFF3-4FCD-91F9-0F9BB0B83F8E}.Debug|Any CPU.Build.0 = Debug|Any CPU
		{5A5BCB91-DFF3-4FCD-91F9-0F9BB0B83F8E}.Release|Any CPU.ActiveCfg = Release|Any CPU
		{5A5BCB91-DFF3-4FCD-91F9-0F9BB0B83F8E}.Release|Any CPU.Build.0 = Release|Any CPU
		{E24C560B-887B-47F4-83E9-F9126A246D24}.Debug|Any CPU.ActiveCfg = Debug|Any CPU
		{E24C560B-887B-47F4-83E9-F9126A246D24}.Debug|Any CPU.Build.0 = Debug|Any CPU
		{E24C560B-887B-47F4-83E9-F9126A246D24}.Release|Any CPU.ActiveCfg = Release|Any CPU
		{E24C560B-887B-47F4-83E9-F9126A246D24}.Release|Any CPU.Build.0 = Release|Any CPU
		{2AAA2CD2-1673-49E1-9FBE-7898CFDB798C}.Debug|Any CPU.ActiveCfg = Debug|Any CPU
		{2AAA2CD2-1673-49E1-9FBE-7898CFDB798C}.Debug|Any CPU.Build.0 = Debug|Any CPU
		{2AAA2CD2-1673-49E1-9FBE-7898CFDB798C}.Release|Any CPU.ActiveCfg = Release|Any CPU
		{2AAA2CD2-1673-49E1-9FBE-7898CFDB798C}.Release|Any CPU.Build.0 = Release|Any CPU
		{364998F0-A70E-496E-83B6-663511B6AA78}.Debug|Any CPU.ActiveCfg = Debug|Any CPU
		{364998F0-A70E-496E-83B6-663511B6AA78}.Debug|Any CPU.Build.0 = Debug|Any CPU
		{364998F0-A70E-496E-83B6-663511B6AA78}.Release|Any CPU.ActiveCfg = Release|Any CPU
		{364998F0-A70E-496E-83B6-663511B6AA78}.Release|Any CPU.Build.0 = Release|Any CPU
		{5EB0FED0-2F4C-41C5-A0C2-53DF83D5ECB2}.Debug|Any CPU.ActiveCfg = Debug|Any CPU
		{5EB0FED0-2F4C-41C5-A0C2-53DF83D5ECB2}.Debug|Any CPU.Build.0 = Debug|Any CPU
		{5EB0FED0-2F4C-41C5-A0C2-53DF83D5ECB2}.Release|Any CPU.ActiveCfg = Release|Any CPU
		{5EB0FED0-2F4C-41C5-A0C2-53DF83D5ECB2}.Release|Any CPU.Build.0 = Release|Any CPU
		{EF24F157-438B-4303-A659-E9C675CD5A83}.Debug|Any CPU.ActiveCfg = Debug|Any CPU
		{EF24F157-438B-4303-A659-E9C675CD5A83}.Debug|Any CPU.Build.0 = Debug|Any CPU
		{EF24F157-438B-4303-A659-E9C675CD5A83}.Release|Any CPU.ActiveCfg = Release|Any CPU
		{EF24F157-438B-4303-A659-E9C675CD5A83}.Release|Any CPU.Build.0 = Release|Any CPU
		{FBFEE175-E380-4153-B7F7-F4028718BB86}.Debug|Any CPU.ActiveCfg = Debug|Any CPU
		{FBFEE175-E380-4153-B7F7-F4028718BB86}.Debug|Any CPU.Build.0 = Debug|Any CPU
		{FBFEE175-E380-4153-B7F7-F4028718BB86}.Release|Any CPU.ActiveCfg = Release|Any CPU
		{FBFEE175-E380-4153-B7F7-F4028718BB86}.Release|Any CPU.Build.0 = Release|Any CPU
	EndGlobalSection
	GlobalSection(SolutionProperties) = preSolution
		HideSolutionNode = FALSE
	EndGlobalSection
	GlobalSection(NestedProjects) = preSolution
		{1B56A9FC-1845-4D3E-BDB7-A424CB308232} = {B3C69C8A-EBBD-4DCB-AB2A-C2EE489CD0A9}
		{5A5BCB91-DFF3-4FCD-91F9-0F9BB0B83F8E} = {C10111E6-DB01-4E52-B7F2-7A57651F1B49}
		{2AAA2CD2-1673-49E1-9FBE-7898CFDB798C} = {C10111E6-DB01-4E52-B7F2-7A57651F1B49}
		{5EB0FED0-2F4C-41C5-A0C2-53DF83D5ECB2} = {ACC41097-BE16-42F9-8EDC-A86FE83B8F71}
		{FBFEE175-E380-4153-B7F7-F4028718BB86} = {B3C69C8A-EBBD-4DCB-AB2A-C2EE489CD0A9}
	EndGlobalSection
EndGlobal
